{
  "lockfileVersion": 2,
  "configVersion": 1,
  "workspaces": {
    "": {
      "name": "basecamp-workshop",
      "devDependencies": {
        "@mysten/sui": "2.29.0",
        "@types/bun": "^1.3.0",
        "sharp": "^0.35.5",
        "typescript": "^5.9.0",
      },
    },
  },
  "packages": {
    "@0no-co/graphql.web": ["@0no-co/graphql.web@1.3.4", "", { "peerDependencies": { "graphql": "^14.0.0 || ^15.0.0 || ^16.0.0 || ^17.0.0" }, "optionalPeers": ["graphql"] }, "sha512-imSwulOeDQodRy/olQmVEo2PiY6ntjkZ9eiGdw6lMYylh/tay9b7MusyJBmEnkL8GiKRKr6ltr+D42mY5bd8Bg=="],

    "@0no-co/graphqlsp": ["@0no-co/graphqlsp@1.17.5", "", { "dependencies": { "@gql.tada/internal": "^1.2.1", "graphql": "^15.5.0 || ^16.0.0 || ^17.0.0" }, "peerDependencies": { "typescript": "^5.0.0 || ^6.0.0" } }, "sha512-wsygfTO3pdkz4idDw8BxdMdgB9AB8nuJDJTUwYy87BiZEZRXS4bEfn4oNl9VtxTo6j2lzX/gED+IvOgxsSy2Jg=="],

    "@emnapi/runtime": ["@emnapi/runtime@1.11.3", "", { "dependencies": { "tslib": "^2.4.0" } }, "sha512-Xz4Tpyki7XyrpbUK1jR1AhdAdaXyhhY4lZ3neLodmhpuWfy2PAQN5B46sAiU4liOXGLkHypn/qU+jvfWSCYYLA=="],

    "@gql.tada/cli-utils": ["@gql.tada/cli-utils@1.9.4", "", { "dependencies": { "@0no-co/graphqlsp": "^1.17.3", "@gql.tada/internal": "1.2.2", "graphql": "^15.5.0 || ^16.0.0 || ^17.0.0" }, "peerDependencies": { "@gql.tada/svelte-support": "1.0.3", "@gql.tada/vue-support": "1.0.3", "typescript": "^5.0.0 || ^6.0.0 || ^7.0.0 || ^8.0.0" }, "optionalPeers": ["@gql.tada/svelte-support", "@gql.tada/vue-support"] }, "sha512-xQ9M+2Xxjxhz9IJi+7IMU/aOsEtuSiSNb4OgDMBUC/8AcSpo2vDtx71Aodsaif4qSwuTb0YFVfDwC+ESqiZSHg=="],

    "@gql.tada/internal": ["@gql.tada/internal@1.2.2", "", { "dependencies": { "@0no-co/graphql.web": "^1.3.1" }, "peerDependencies": { "graphql": "^15.5.0 || ^16.0.0 || ^17.0.0", "typescript": "^5.0.0 || ^6.0.0 || ^7.0.0 || ^8.0.0" } }, "sha512-4lZcElPP6MC8Ct8KN70LR2WQsHjbAsyAmTGG09VsOPhx738UFIYaL0S1XiI2pqq2tj/sDs/y3b9jvKoWGL7iuQ=="],

    "@graphql-typed-document-node/core": ["@graphql-typed-document-node/core@3.2.0", "", { "peerDependencies": { "graphql": "^0.8.0 || ^0.9.0 || ^0.10.0 || ^0.11.0 || ^0.12.0 || ^0.13.0 || ^14.0.0 || ^15.0.0 || ^16.0.0 || ^17.0.0" } }, "sha512-mB9oAsNCm9aM3/SOv4YtBMqZbYj10R7dkq8byBqxGY/ncFwhf2oQzMV+LCRlWoDSEBJ3COiR1yeDvMtsoOsuFQ=="],

    "@img/colour": ["@img/colour@1.1.0", "", {}, "sha512-Td76q7j57o/tLVdgS746cYARfSyxk8iEfRxewL9h4OMzYhbW4TAcppl0mT4eyqXddh6L/jwoM75mo7ixa/pCeQ=="],

    "@img/sharp-darwin-arm64": ["@img/sharp-darwin-arm64@0.35.5", "", { "optionalDependencies": { "@img/sharp-libvips-darwin-arm64": "1.3.4" }, "os": "darwin", "cpu": "arm64" }, "sha512-QRUlFQ0WxvdWyqqG/WtI3iupfD5rBzmCHXSdPsY91sAtVtTo7Q4cb6zOccZ3gqEqkr0f1As1ehLqmEpDsRf+lg=="],

    "@img/sharp-darwin-x64": ["@img/sharp-darwin-x64@0.35.5", "", { "optionalDependencies": { "@img/sharp-libvips-darwin-x64": "1.3.4" }, "os": "darwin", "cpu": "x64" }, "sha512-+BR255RhDlpygUpOc/Jdt1nT6DQ3XG/ERo5wbcdOf5Q320dKtPCKPLR1LJs9VGXRaMa8l1uUa0tkCNOXiAxZUw=="],

    "@img/sharp-freebsd-wasm32": ["@img/sharp-freebsd-wasm32@0.35.5", "", { "dependencies": { "@img/sharp-wasm32": "0.35.5" }, "os": "freebsd" }, "sha512-Y/z91nEZ4uIBX5X3nfTovjU9lHNKFYbL2lpHCLVNmXQK03VIZvXBBt0KxbPGp2SdGSF+2mQU4e+hQaWOt86iAw=="],

    "@img/sharp-libvips-darwin-arm64": ["@img/sharp-libvips-darwin-arm64@1.3.4", "", { "os": "darwin", "cpu": "arm64" }, "sha512-5R89nBYiRdUlSWJxPhO+GVtaXzXSxKnRu/xqMn3KTA3L9EB9Oy/P+Nn2f2vlhPuUdy/Zusb2DarbyTpGCfEDuw=="],

    "@img/sharp-libvips-darwin-x64": ["@img/sharp-libvips-darwin-x64@1.3.4", "", { "os": "darwin", "cpu": "x64" }, "sha512-iR2OKH80yi0U+dUplyh3/xdpFvps6YkCwsXenIJxqxR1v9o+xtKTGbS9H7cps+2Vxjc8B1j96p75NmTGjIhtpQ=="],

    "@img/sharp-libvips-linux-arm": ["@img/sharp-libvips-linux-arm@1.3.4", "", { "os": "linux", "cpu": "arm" }, "sha512-LmRtTsOHuvM2+wlO2Db37dx5MiZhB0FvSunciw48YjdOkZz9KAiRbm8ujeMOA1INqmei5NapFxYEK1D1ZSidmw=="],

    "@img/sharp-libvips-linux-arm64": ["@img/sharp-libvips-linux-arm64@1.3.4", "", { "os": "linux", "cpu": "arm64" }, "sha512-Y3dgX/6lE2QhQb+Gxy0WZxfg9MEm/JBjamZpS2IklP7xIQoKN4hzAm7KcMVGtaVDt3neE9OKBC7vAfonA/Lr1A=="],

    "@img/sharp-libvips-linux-ppc64": ["@img/sharp-libvips-linux-ppc64@1.3.4", "", { "os": "linux", "cpu": "ppc64" }, "sha512-Le6boB8Tai0Nis+gIxIpKx68UDVVIqdR8Tin5Yf1z2LJJQLDJvCDRqRu+jC2qCoD+eIomonmOwB4smBRxfVpYQ=="],

    "@img/sharp-libvips-linux-riscv64": ["@img/sharp-libvips-linux-riscv64@1.3.4", "", { "os": "linux", "cpu": "none" }, "sha512-aHkkIEHPRdQEegJN20MLmGtxYD9R2wQr3Cwpddnu5+YKMt6Uzax7S9h5gpZTo8wyrGuZSlfQ63OevL5mTyOC7Q=="],

    "@img/sharp-libvips-linux-s390x": ["@img/sharp-libvips-linux-s390x@1.3.4", "", { "os": "linux", "cpu": "s390x" }, "sha512-ra/mB6MikESDUO7Yg+Mi95bFBb9GsObURuhnOv3OqknjGe9sZrG8tCe9q0xSIGrtLgvgw0gKnFWcK4blSgQOuQ=="],

    "@img/sharp-libvips-linux-x64": ["@img/sharp-libvips-linux-x64@1.3.4", "", { "os": "linux", "cpu": "x64" }, "sha512-GJ//SSXbnwSDes02umB3nDJLFcQzw8a18V8fyhqr6tV515tOEMdImjjxj1AoafMRz56F3PHgftnj1QEKSU1zkw=="],

    "@img/sharp-libvips-linuxmusl-arm64": ["@img/sharp-libvips-linuxmusl-arm64@1.3.4", "", { "os": "linux", "cpu": "arm64" }, "sha512-hvulFwtjUcagsis6BBxHwGFwWoNZjgYmULGVrZcyfNbjA8hKILbRxGg15/7w5HDyXHXUos/j6baAWqnCyQ2DWA=="],

    "@img/sharp-libvips-linuxmusl-x64": ["@img/sharp-libvips-linuxmusl-x64@1.3.4", "", { "os": "linux", "cpu": "x64" }, "sha512-6zXKeE/p39I1AmA3cJG35eyBGNqNddLnUXjhwBnsGjFPWqf5VKkDBEqaEkPDoTEtkxwi2vv8Tcr2mDyP4So7Fg=="],

    "@img/sharp-linux-arm": ["@img/sharp-linux-arm@0.35.5", "", { "optionalDependencies": { "@img/sharp-libvips-linux-arm": "1.3.4" }, "os": "linux", "cpu": "arm" }, "sha512-LEaXK2WdXVK5ykcw0buWyPMsmLLL2vpHLD6yrNSW+JGEL3BZPA4tpKN6iaMc4AxTTAoaX/sU1rOL51lcIz48ZQ=="],

    "@img/sharp-linux-arm64": ["@img/sharp-linux-arm64@0.35.5", "", { "optionalDependencies": { "@img/sharp-libvips-linux-arm64": "1.3.4" }, "os": "linux", "cpu": "arm64" }, "sha512-LYVx5JTsOM2CBzmxreh+nl64/3H6Xb09iSLknqH47z2T2DFFxDeFLP5y4dJwe6H7uGQlHPyEEtIqyo3DYsRwdQ=="],

    "@img/sharp-linux-ppc64": ["@img/sharp-linux-ppc64@0.35.5", "", { "optionalDependencies": { "@img/sharp-libvips-linux-ppc64": "1.3.4" }, "os": "linux", "cpu": "ppc64" }, "sha512-QVxAAq8evVRI9ia2vqgwrmWucn5Dfv+JdWzj75pD8omHLPSP7f8p20O8jxzjCcuCEQEOtYOZUmX1hkiZ0kdevA=="],

    "@img/sharp-linux-riscv64": ["@img/sharp-linux-riscv64@0.35.5", "", { "optionalDependencies": { "@img/sharp-libvips-linux-riscv64": "1.3.4" }, "os": "linux", "cpu": "none" }, "sha512-LtdreXguaavKODPIfzJ4kffx7UNt1omwtK0rch4EBbbSTXPnxWmYSayXdLJw0fJzQ97kHt1gL/yh4tvU+nCyRQ=="],

    "@img/sharp-linux-s390x": ["@img/sharp-linux-s390x@0.35.5", "", { "optionalDependencies": { "@img/sharp-libvips-linux-s390x": "1.3.4" }, "os": "linux", "cpu": "s390x" }, "sha512-UZasTOFiYzotTsGOCu42BfUzP6Tu6Do/947iRm1RsLKvlllxwGcn4RN27LibGWceix4Y+Pmw3jsnTcCQIgWjqA=="],

    "@img/sharp-linux-x64": ["@img/sharp-linux-x64@0.35.5", "", { "optionalDependencies": { "@img/sharp-libvips-linux-x64": "1.3.4" }, "os": "linux", "cpu": "x64" }, "sha512-SxFtLTeJInhAA9Q836kux2vZNeOBQEx658qvbboZScr0wIARym3IcGmW7KpVD5sbVg0Ojy+udFQdayYIZyoNog=="],

    "@img/sharp-linuxmusl-arm64": ["@img/sharp-linuxmusl-arm64@0.35.5", "", { "optionalDependencies": { "@img/sharp-libvips-linuxmusl-arm64": "1.3.4" }, "os": "linux", "cpu": "arm64" }, "sha512-9HbMclmI1zlNkFRs3z9/eBtDjfD0sGlrX1z6b1qwmiFY5ElDLh4BC0LPBdVp7z1DXFiKlIcznf+ZlsuZzLxQqg=="],

    "@img/sharp-linuxmusl-x64": ["@img/sharp-linuxmusl-x64@0.35.5", "", { "optionalDependencies": { "@img/sharp-libvips-linuxmusl-x64": "1.3.4" }, "os": "linux", "cpu": "x64" }, "sha512-4KOphqB035HrVdqLZfCgMzzERrQkkzOwRhl4OAkRO1YCldbaFjySXMaK534Mo0V+LndnlJk+sbUyLeU0ULyD1A=="],

    "@img/sharp-wasm32": ["@img/sharp-wasm32@0.35.5", "", { "dependencies": { "@emnapi/runtime": "^1.11.3" } }, "sha512-Ptsga1su4tQx+LLF1ECS9U6nz5kmrXKo6XVbtR48Ke3ZRxxgaWBu7IDtEe1quo8hiupwm6WFqxVlXaSf7IINGQ=="],

    "@img/sharp-webcontainers-wasm32": ["@img/sharp-webcontainers-wasm32@0.35.5", "", { "dependencies": { "@img/sharp-wasm32": "0.35.5" }, "cpu": "none" }, "sha512-hfhF/FmoQyTUkA0bIKFOtw536BQSeBMe6BF6QyWlrPxT754+TFLaZ7sKKTfvvM0yJgKgaYTwnFCIZ/GuDw5SUA=="],

    "@img/sharp-win32-arm64": ["@img/sharp-win32-arm64@0.35.5", "", { "os": "win32", "cpu": "arm64" }, "sha512-X4t7g+7ZA5DKblCBEXGjUqqemj4vczING/5viFwAL8h4N3qYeyjwdCvRLHi4EdOUI+2Z7UFlp1VM+p/AuEtm6Q=="],

    "@img/sharp-win32-ia32": ["@img/sharp-win32-ia32@0.35.5", "", { "os": "win32", "cpu": "ia32" }, "sha512-5Zm82LoBc43nhwNybZlG7Y1KO//Zhsn306fQl29ZOuStHLGTo3BWL83q3cznX0poxSAMuYL1On/BHBxkBeKr6A=="],

    "@img/sharp-win32-x64": ["@img/sharp-win32-x64@0.35.5", "", { "os": "win32", "cpu": "x64" }, "sha512-x76eH0vEiHlcMQu8Y8IenntaACtddpT6W0wmXtWrnKcnKI7ME5DdgqhAD6SEWOEl1v2zDvkZDhFA9KnURwpfqg=="],

    "@mysten/bcs": ["@mysten/bcs@2.1.2", "", { "dependencies": { "@mysten/utils": "^0.4.1", "@scure/base": "^2.3.0" } }, "sha512-fv6lyuZMTHN0xRlu4GYiV/UXUrdJDOHbXm1KfZYEU0sy/t+22yTrTVtWnAQv1Km7eyB3qHhwIrAG2aem4JMocw=="],

    "@mysten/sui": ["@mysten/sui@2.29.0", "", { "dependencies": { "@graphql-typed-document-node/core": "^3.2.0", "@mysten/bcs": "^2.1.1", "@mysten/utils": "^0.4.1", "@noble/curves": "^2.3.0", "@noble/hashes": "^2.3.0", "@protobuf-ts/grpcweb-transport": "^2.11.1", "@protobuf-ts/runtime": "^2.11.1", "@protobuf-ts/runtime-rpc": "^2.11.1", "@scure/base": "^2.3.0", "@scure/bip32": "^2.3.0", "@scure/bip39": "^2.3.0", "gql.tada": "^1.11.3", "graphql": "^17.0.2", "poseidon-lite": "0.3.0", "valibot": "^1.4.2" } }, "sha512-k7q22+AFQ5SZXOH+a28M1J8iFVbMcWro9mt0Bb7GI1HZNsxJIyQT5Q3iZdrAM0hTwM4XQvzm5Y0f32f0nfiGxw=="],

    "@mysten/utils": ["@mysten/utils@0.4.1", "", { "dependencies": { "@scure/base": "^2.3.0" } }, "sha512-gffLJ84CbqG/CcOPuVlwXIRu37tFn0BtUx7CQtbLwJzWjUE7FU2Gq8BXWjzxImnvufcyLTaNWtCPG6wq22Zhog=="],

    "@noble/curves": ["@noble/curves@2.4.0", "", { "dependencies": { "@noble/hashes": "2.4.0" } }, "sha512-P4/62zrgfH33CneE3Dn4WhJVA22YUU0eR51wKIan4NVRvwsA0YnPTwWGpNbpuacSujmSFLvyzpyuR30+fbq2Ew=="],

    "@noble/hashes": ["@noble/hashes@2.4.0", "", {}, "sha512-X5XaVWZIBCT7HHZGm5I7ZQXDwLG+bGXuSrMQAW+7Zvl87h1kmc1ZB1VSRJcpUfoUrGQp4Fkoxm5kZ+Ms+aW+eA=="],

    "@protobuf-ts/grpcweb-transport": ["@protobuf-ts/grpcweb-transport@2.11.1", "", { "dependencies": { "@protobuf-ts/runtime": "^2.11.1", "@protobuf-ts/runtime-rpc": "^2.11.1" } }, "sha512-1W4utDdvOB+RHMFQ0soL4JdnxjXV+ddeGIUg08DvZrA8Ms6k5NN6GBFU2oHZdTOcJVpPrDJ02RJlqtaoCMNBtw=="],

    "@protobuf-ts/runtime": ["@protobuf-ts/runtime@2.11.1", "", {}, "sha512-KuDaT1IfHkugM2pyz+FwiY80ejWrkH1pAtOBOZFuR6SXEFTsnb/jiQWQ1rCIrcKx2BtyxnxW6BWwsVSA/Ie+WQ=="],

    "@protobuf-ts/runtime-rpc": ["@protobuf-ts/runtime-rpc@2.11.1", "", { "dependencies": { "@protobuf-ts/runtime": "^2.11.1" } }, "sha512-4CqqUmNA+/uMz00+d3CYKgElXO9VrEbucjnBFEjqI4GuDrEQ32MaI3q+9qPBvIGOlL4PmHXrzM32vBPWRhQKWQ=="],

    "@scure/base": ["@scure/base@2.4.0", "", {}, "sha512-thZ1TuJwFwBblOhgsjDKvvGirBxNp+wSvY/DR6tJBJOTDhdAAcHJ8Vbr2eFnqaxeca4+t0i9KBf+uHYGWwZORg=="],

    "@scure/bip32": ["@scure/bip32@2.4.0", "", { "dependencies": { "@noble/curves": "2.4.0", "@noble/hashes": "2.4.0", "@scure/base": "2.4.0" } }, "sha512-i3DS0CptAocyvqE4n3SUkpzeQK4vJMFwWLofTwRiiKo2aWojBOfyMCgfKw9HVpO6fSY5AK86sHS/Uzn8kK9Few=="],

    "@scure/bip39": ["@scure/bip39@2.4.0", "", { "dependencies": { "@noble/hashes": "2.4.0" } }, "sha512-82dxFbZUYboyOf0AXiydsQrFQ5Q4h9mX+O2UkE91ROYmsc0BKMGZLwDmy96Jpa2+vrtoxomjUhy1RPIgH/r2nA=="],

    "@types/bun": ["@types/bun@1.4.2", "", { "dependencies": { "bun-types": "1.4.2" } }, "sha512-GimotNn7+ZV0uVArItBbriZsR1oNf0+WTzPkdcFrzShI7k2norL0uzEaJT8T33dWr7O/c9ZDuAFQrctKCi72oQ=="],

    "@types/node": ["@types/node@26.6.4", "", { "dependencies": { "undici-types": "~8.9.0" } }, "sha512-ldVPDCzj7fsaGZrLB0NuHuTvJcsNasysBAqMolr/cgxrLd1xbqxIr3XJiPnHHJUCxj5sNF1vnRj9aWnrVh5Jcg=="],

    "bun-types": ["bun-types@1.4.2", "", { "dependencies": { "@types/node": "*" } }, "sha512-bxV1FgK7yBIzjRe5zBozIM4Bem11ZJcCXSrjWRG3YWLt8yFDePu4cLjpebO8OvPeIE9trbyPF4fuj3Cia4Fj3w=="],

    "detect-libc": ["detect-libc@2.1.2", "", {}, "sha512-Btj2BOOO83o3WyH59e8MgXsxEQVcarkUOpEYrubB0urwnN10yQ364rsiByU11nZlqWYZm05i/of7io4mzihBtQ=="],

    "gql.tada": ["gql.tada@1.11.4", "", { "dependencies": { "@0no-co/graphql.web": "^1.3.2", "@0no-co/graphqlsp": "^1.17.3", "@gql.tada/cli-utils": "1.9.4", "@gql.tada/internal": "1.2.2" }, "peerDependencies": { "typescript": "^5.0.0 || ^6.0.0 || ^7.0.0 || ^8.0.0" }, "bin": { "gql-tada": "./bin/cli.js", "gql.tada": "./bin/cli.js" } }, "sha512-UQnhJUhSM0MV8cpcgjci/7ET8LnmHx9o9FtZqU4sH+ILiBVG5rnfXJzNdzTN+Y7MuCz6Pp3XE/VPEVqmO969jw=="],

    "graphql": ["graphql@17.0.2", "", {}, "sha512-FRWbddMxfkjiB7z+aQDWIR+E34xo9I8c9mtK2RPv8PmMzKRvrdsreHL/Ui/TmwHJfhHChEtsFPyMHKI+xuarQQ=="],

    "poseidon-lite": ["poseidon-lite@0.3.0", "", {}, "sha512-ilJj4MIve4uBEG7SrtPqUUNkvpJ/pLVbndxa0WvebcQqeIhe+h72JR4g0EvwchUzm9sOQDlOjiDNmRAgxNZl4A=="],

    "semver": ["semver@7.8.5", "", { "bin": { "semver": "bin/semver.js" } }, "sha512-Y7/KDsb8LjooZpwaqGyulO6DQlksgCncchHGk+sZIY4SBvUocMBEFH5Ur1fI4dV+Jvl0w6cjvucaIi40puRioA=="],

    "sharp": ["sharp@0.35.5", "", { "dependencies": { "@img/colour": "^1.1.0", "detect-libc": "^2.1.2", "semver": "^7.8.5" }, "optionalDependencies": { "@img/sharp-darwin-arm64": "0.35.5", "@img/sharp-darwin-x64": "0.35.5", "@img/sharp-freebsd-wasm32": "0.35.5", "@img/sharp-libvips-darwin-arm64": "1.3.4", "@img/sharp-libvips-darwin-x64": "1.3.4", "@img/sharp-libvips-linux-arm": "1.3.4", "@img/sharp-libvips-linux-arm64": "1.3.4", "@img/sharp-libvips-linux-ppc64": "1.3.4", "@img/sharp-libvips-linux-riscv64": "1.3.4", "@img/sharp-libvips-linux-s390x": "1.3.4", "@img/sharp-libvips-linux-x64": "1.3.4", "@img/sharp-libvips-linuxmusl-arm64": "1.3.4", "@img/sharp-libvips-linuxmusl-x64": "1.3.4", "@img/sharp-linux-arm": "0.35.5", "@img/sharp-linux-arm64": "0.35.5", "@img/sharp-linux-ppc64": "0.35.5", "@img/sharp-linux-riscv64": "0.35.5", "@img/sharp-linux-s390x": "0.35.5", "@img/sharp-linux-x64": "0.35.5", "@img/sharp-linuxmusl-arm64": "0.35.5", "@img/sharp-linuxmusl-x64": "0.35.5", "@img/sharp-webcontainers-wasm32": "0.35.5", "@img/sharp-win32-arm64": "0.35.5", "@img/sharp-win32-ia32": "0.35.5", "@img/sharp-win32-x64": "0.35.5" }, "peerDependencies": { "@types/node": "*" }, "optionalPeers": ["@types/node"] }, "sha512-Ywn4OnzGukp7CDMrp08RQ50YKmuwG47brZgIVPTvBaaAfQlRlygrRqSrxdCiL9M+LlzLBiJ68IR1QqvzHyjC7g=="],

    "tslib": ["tslib@2.8.1", "", {}, "sha512-oJFu94HQb+KVduSUQL7wnpmqnfmLsOA/nAh6b6EH0wCEoK0/mPeXU6c3wKDV83MkOuHPRHtSXKKU99IBazS/2w=="],

    "typescript": ["typescript@5.9.3", "", { "bin": { "tsc": "bin/tsc", "tsserver": "bin/tsserver" } }, "sha512-jl1vZzPDinLr9eUt3J/t7V6FgNEw9QjvBPdysz9KfQDD41fQrC2Y4vKQdiaUpFT4bXlb1RHhLpp8wtm6M5TgSw=="],

    "undici-types": ["undici-types@8.9.0", "", {}, "sha512-KTDyRTYX8sWmKXAikPHHSyc63CRPETMctyjKFupcC6OBLXT3xsN0e9aF7m+mIXutFWpUXuedtowG7iLOzp0kQg=="],

    "valibot": ["valibot@1.5.0", "", { "peerDependencies": { "typescript": ">=5" }, "optionalPeers": ["typescript"] }, "sha512-nil6AkP2TChWL43Z5uJ6GTxX01CUA+g8LWUM+N/rB9NBbkUMaUsi9PUNzlUPgoKASgmx9f7eGOYpJ04/fSa6FQ=="],
  }
}
